// !$*UTF8*$!
{
	archiveVersion = 1;
	classes = {
	};
	objectVersion = 46;
	objects = {

/* Begin PBXBuildFile section */
		277237C31D8F5BA000BBC7C5 /* AppDelegate.swift in Sources */ = {isa = PBXBuildFile; fileRef = 277237C21D8F5BA000BBC7C5 /* AppDelegate.swift */; };
		277237C51D8F5BA000BBC7C5 /* ViewController.swift in Sources */ = {isa = PBXBuildFile; fileRef = 277237C41D8F5BA000BBC7C5 /* ViewController.swift */; };
		277237C81D8F5BA000BBC7C5 /* Main.storyboard in Resources */ = {isa = PBXBuildFile; fileRef = 277237C61D8F5BA000BBC7C5 /* Main.storyboard */; };
		277237CA1D8F5BA000BBC7C5 /* Assets.xcassets in Resources */ = {isa = PBXBuildFile; fileRef = 277237C91D8F5BA000BBC7C5 /* Assets.xcassets */; };
		277237CD1D8F5BA000BBC7C5 /* LaunchScreen.storyboard in Resources */ = {isa = PBXBuildFile; fileRef = 277237CB1D8F5BA000BBC7C5 /* LaunchScreen.storyboard */; };
		277237D81D8F5BA000BBC7C5 /* tipcalcTests.swift in Sources */ = {isa = PBXBuildFile; fileRef = 277237D71D8F5BA000BBC7C5 /* tipcalcTests.swift */; };
		277237E31D8F5BA000BBC7C5 /* tipcalcUITests.swift in Sources */ = {isa = PBXBuildFile; fileRef = 277237E21D8F5BA000BBC7C5 /* tipcalcUITests.swift */; };
		277237F31D90EA8A00BBC7C5 /* SettingsViewController.swift in Sources */ = {isa = PBXBuildFile; fileRef = 277237F21D90EA8A00BBC7C5 /* SettingsViewController.swift */; };
/* End PBXBuildFile section */

/* Begin PBXContainerItemProxy section */
		277237D41D8F5BA000BBC7C5 /* PBXContainerItemProxy */ = {
			isa = PBXContainerItemProxy;
			containerPortal = 277237B71D8F5BA000BBC7C5 /* Project object */;
			proxyType = 1;
			remoteGlobalIDString = 277237BE1D8F5BA000BBC7C5;
			remoteInfo = tipcalc;
		};
		277237DF1D8F5BA000BBC7C5 /* PBXContainerItemProxy */ = {
			isa = PBXContainerItemProxy;
			containerPortal = 277237B71D8F5BA000BBC7C5 /* Project object */;
			proxyType = 1;
			remoteGlobalIDString = 277237BE1D8F5BA000BBC7C5;
			remoteInfo = tipcalc;
		};
/* End PBXContainerItemProxy section */

/* Begin PBXFileReference section */
		277237BF1D8F5BA000BBC7C5 /* tipcalc.app */ = {isa = PBXFileReference; explicitFileType = wrapper.application; includeInIndex = 0; path = tipcalc.app; sourceTree = BUILT_PRODUCTS_DIR; };
		277237C21D8F5BA000BBC7C5 /* AppDelegate.swift */ = {isa = PBXFileReference; lastKnownFileType = sourcecode.swift; path = AppDelegate.swift; sourceTree = "<group>"; };
		277237C41D8F5BA000BBC7C5 /* ViewController.swift */ = {isa = PBXFileReference; lastKnownFileType = sourcecode.swift; path = ViewController.swift; sourceTree = "<group>"; };
		277237C71D8F5BA000BBC7C5 /* Base */ = {isa = PBXFileReference; lastKnownFileType = file.storyboard; name = Base; path = Base.lproj/Main.storyboard; sourceTree = "<group>"; };
		277237C91D8F5BA000BBC7C5 /* Assets.xcassets */ = {isa = PBXFileReference; lastKnownFileType = folder.assetcatalog; path = Assets.xcassets; sourceTree = "<group>"; };
		277237CC1D8F5BA000BBC7C5 /* Base */ = {isa = PBXFileReference; lastKnownFileType = file.storyboard; name = Base; path = Base.lproj/LaunchScreen.storyboard; sourceTree = "<group>"; };
		277237CE1D8F5BA000BBC7C5 /* Info.plist */ = {isa = PBXFileReference; lastKnownFileType = text.plist.xml; path = Info.plist; sourceTree = "<group>"; };
		277237D31D8F5BA000BBC7C5 /* tipcalcTests.xctest */ = {isa = PBXFileReference; explicitFileType = wrapper.cfbundle; includeInIndex = 0; path = tipcalcTests.xctest; sourceTree = BUILT_PRODUCTS_DIR; };
		277237D71D8F5BA000BBC7C5 /* tipcalcTests.swift */ = {isa = PBXFileReference; lastKnownFileType = sourcecode.swift; path = tipcalcTests.swift; sourceTree = "<group>"; };
		277237D91D8F5BA000BBC7C5 /* Info.plist */ = {isa = PBXFileReference; lastKnownFileType = text.plist.xml; path = Info.plist; sourceTree = "<group>"; };
		277237DE1D8F5BA000BBC7C5 /* tipcalcUITests.xctest */ = {isa = PBXFileReference; explicitFileType = wrapper.cfbundle; includeInIndex = 0; path = tipcalcUITests.xctest; sourceTree = BUILT_PRODUCTS_DIR; };
		277237E21D8F5BA000BBC7C5 /* tipcalcUITests.swift */ = {isa = PBXFileReference; lastKnownFileType = sourcecode.swift; path = tipcalcUITests.swift; sourceTree = "<group>"; };
		277237E41D8F5BA000BBC7C5 /* Info.plist */ = {isa = PBXFileReference; lastKnownFileType = text.plist.xml; path = Info.plist; sourceTree = "<group>"; };
		277237F21D90EA8A00BBC7C5 /* SettingsViewController.swift */ = {isa = PBXFileReference; fileEncoding = 4; lastKnownFileType = sourcecode.swift; path = SettingsViewController.swift; sourceTree = "<group>"; };
/* End PBXFileReference section */

/* Begin PBXFrameworksBuildPhase section */
		277237BC1D8F5BA000BBC7C5 /* Frameworks */ = {
			isa = PBXFrameworksBuildPhase;
			buildActionMask = 2147483647;
			files = (
			);
			runOnlyForDeploymentPostprocessing = 0;
		};
		277237D01D8F5BA000BBC7C5 /* Frameworks */ = {
			isa = PBXFrameworksBuildPhase;
			buildActionMask = 2147483647;
			files = (
			);
			runOnlyForDeploymentPostprocessing = 0;
		};
		277237DB1D8F5BA000BBC7C5 /* Frameworks */ = {
			isa = PBXFrameworksBuildPhase;
			buildActionMask = 2147483647;
			files = (
			);
			runOnlyForDeploymentPostprocessing = 0;
		};
/* End PBXFrameworksBuildPhase section */

/* Begin PBXGroup section */
		277237B61D8F5BA000BBC7C5 = {
			isa = PBXGroup;
			children = (
				277237C11D8F5BA000BBC7C5 /* tipcalc */,
				277237D61D8F5BA000BBC7C5 /* tipcalcTests */,
				277237E11D8F5BA000BBC7C5 /* tipcalcUITests */,
				277237C01D8F5BA000BBC7C5 /* Products */,
			);
			sourceTree = "<group>";
		};
		277237C01D8F5BA000BBC7C5 /* Products */ = {
			isa = PBXGroup;
			children = (
				277237BF1D8F5BA000BBC7C5 /* tipcalc.app */,
				277237D31D8F5BA000BBC7C5 /* tipcalcTests.xctest */,
				277237DE1D8F5BA000BBC7C5 /* tipcalcUITests.xctest */,
			);
			name = Products;
			sourceTree = "<group>";
		};
		277237C11D8F5BA000BBC7C5 /* tipcalc */ = {
			isa = PBXGroup;
			children = (
				277237C21D8F5BA000BBC7C5 /* AppDelegate.swift */,
				277237F21D90EA8A00BBC7C5 /* SettingsViewController.swift */,
				277237C41D8F5BA000BBC7C5 /* ViewController.swift */,
				277237C61D8F5BA000BBC7C5 /* Main.storyboard */,
				277237C91D8F5BA000BBC7C5 /* Assets.xcassets */,
				277237CB1D8F5BA000BBC7C5 /* LaunchScreen.storyboard */,
				277237CE1D8F5BA000BBC7C5 /* Info.plist */,
			);
			path = tipcalc;
			sourceTree = "<group>";
		};
		277237D61D8F5BA000BBC7C5 /* tipcalcTests */ = {
			isa = PBXGroup;
			children = (
				277237D71D8F5BA000BBC7C5 /* tipcalcTests.swift */,
				277237D91D8F5BA000BBC7C5 /* Info.plist */,
			);
			path = tipcalcTests;
			sourceTree = "<group>";
		};
		277237E11D8F5BA000BBC7C5 /* tipcalcUITests */ = {
			isa = PBXGroup;
			children = (
				277237E21D8F5BA000BBC7C5 /* tipcalcUITests.swift */,
				277237E41D8F5BA000BBC7C5 /* Info.plist */,
			);
			path = tipcalcUITests;
			sourceTree = "<group>";
		};
/* End PBXGroup section */

/* Begin PBXNativeTarget section */
		277237BE1D8F5BA000BBC7C5 /* tipcalc */ = {
			isa = PBXNativeTarget;
			buildConfigurationList = 277237E71D8F5BA000BBC7C5 /* Build configuration list for PBXNativeTarget "tipcalc" */;
			buildPhases = (
				277237BB1D8F5BA000BBC7C5 /* Sources */,
				277237BC1D8F5BA000BBC7C5 /* Frameworks */,
				277237BD1D8F5BA000BBC7C5 /* Resources */,
			);
			buildRules = (
			);
			dependencies = (
			);
			name = tipcalc;
			productName = tipcalc;
			productReference = 277237BF1D8F5BA000BBC7C5 /* tipcalc.app */;
			productType = "com.apple.product-type.application";
		};
		277237D21D8F5BA000BBC7C5 /* tipcalcTests */ = {
			isa = PBXNativeTarget;
			buildConfigurationList = 277237EA1D8F5BA000BBC7C5 /* Build configuration list for PBXNativeTarget "tipcalcTests" */;
			buildPhases = (
				277237CF1D8F5BA000BBC7C5 /* Sources */,
				277237D01D8F5BA000BBC7C5 /* Frameworks */,
				277237D11D8F5BA000BBC7C5 /* Resources */,
			);
			buildRules = (
			);
			dependencies = (
				277237D51D8F5BA000BBC7C5 /* PBXTargetDependency */,
			);
			name = tipcalcTests;
			productName = tipcalcTests;
			productReference = 277237D31D8F5BA000BBC7C5 /* tipcalcTests.xctest */;
			productType = "com.apple.product-type.bundle.unit-test";
		};
		277237DD1D8F5BA000BBC7C5 /* tipcalcUITests */ = {
			isa = PBXNativeTarget;
			buildConfigurationList = 277237ED1D8F5BA000BBC7C5 /* Build configuration list for PBXNativeTarget "tipcalcUITests" */;
			buildPhases = (
				277237DA1D8F5BA000BBC7C5 /* Sources */,
				277237DB1D8F5BA000BBC7C5 /* Frameworks */,
				277237DC1D8F5BA000BBC7C5 /* Resources */,
			);
			buildRules = (
			);
			dependencies = (
				277237E01D8F5BA000BBC7C5 /* PBXTargetDependency */,
			);
			name = tipcalcUITests;
			productName = tipcalcUITests;
			productReference = 277237DE1D8F5BA000BBC7C5 /* tipcalcUITests.xctest */;
			productType = "com.apple.product-type.bundle.ui-testing";
		};
/* End PBXNativeTarget section */

/* Begin PBXProject section */
		277237B71D8F5BA000BBC7C5 /* Project object */ = {
			isa = PBXProject;
			attributes = {
				LastSwiftUpdateCheck = 0730;
				LastUpgradeCheck = 0730;
				ORGANIZATIONNAME = "Alan Ni";
				TargetAttributes = {
					277237BE1D8F5BA000BBC7C5 = {
						CreatedOnToolsVersion = 7.3.1;
					};
					277237D21D8F5BA000BBC7C5 = {
						CreatedOnToolsVersion = 7.3.1;
						TestTargetID = 277237BE1D8F5BA000BBC7C5;
					};
					277237DD1D8F5BA000BBC7C5 = {
						CreatedOnToolsVersion = 7.3.1;
						TestTargetID = 277237BE1D8F5BA000BBC7C5;
					};
				};
			};
			buildConfigurationList = 277237BA1D8F5BA000BBC7C5 /* Build configuration list for PBXProject "tipcalc" */;
			compatibilityVersion = "Xcode 3.2";
			developmentRegion = English;
			hasScannedForEncodings = 0;
			knownRegions = (
				en,
				Base,
			);
			mainGroup = 277237B61D8F5BA000BBC7C5;
			productRefGroup = 277237C01D8F5BA000BBC7C5 /* Products */;
			projectDirPath = "";
			projectRoot = "";
			targets = (
				277237BE1D8F5BA000BBC7C5 /* tipcalc */,
				277237D21D8F5BA000BBC7C5 /* tipcalcTests */,
				277237DD1D8F5BA000BBC7C5 /* tipcalcUITests */,
			);
		};
/* End PBXProject section */

/* Begin PBXResourcesBuildPhase section */
		277237BD1D8F5BA000BBC7C5 /* Resources */ = {
			isa = PBXResourcesBuildPhase;
			buildActionMask = 2147483647;
			files = (
				277237CD1D8F5BA000BBC7C5 /* LaunchScreen.storyboard in Resources */,
				277237CA1D8F5BA000BBC7C5 /* Assets.xcassets in Resources */,
				277237C81D8F5BA000BBC7C5 /* Main.storyboard in Resources */,
			);
			runOnlyForDeploymentPostprocessing = 0;
		};
		277237D11D8F5BA000BBC7C5 /* Resources */ = {
			isa = PBXResourcesBuildPhase;
			buildActionMask = 2147483647;
			files = (
			);
			runOnlyForDeploymentPostprocessing = 0;
		};
		277237DC1D8F5BA000BBC7C5 /* Resources */ = {
			isa = PBXResourcesBuildPhase;
			buildActionMask = 2147483647;
			files = (
			);
			runOnlyForDeploymentPostprocessing = 0;
		};
/* End PBXResourcesBuildPhase section */

/* Begin PBXSourcesBuildPhase section */
		277237BB1D8F5BA000BBC7C5 /* Sources */ = {
			isa = PBXSourcesBuildPhase;
			buildActionMask = 2147483647;
			files = (
				277237C51D8F5BA000BBC7C5 /* ViewController.swift in Sources */,
				277237C31D8F5BA000BBC7C5 /* AppDelegate.swift in Sources */,
				277237F31D90EA8A00BBC7C5 /* SettingsViewController.swift in Sources */,
			);
			runOnlyForDeploymentPostprocessing = 0;
		};
		277237CF1D8F5BA000BBC7C5 /* Sources */ = {
			isa = PBXSourcesBuildPhase;
			buildActionMask = 2147483647;
			files = (
				277237D81D8F5BA000BBC7C5 /* tipcalcTests.swift in Sources */,
			);
			runOnlyForDeploymentPostprocessing = 0;
		};
		277237DA1D8F5BA000BBC7C5 /* Sources */ = {
			isa = PBXSourcesBuildPhase;
			buildActionMask = 2147483647;
			files = (
				277237E31D8F5BA000BBC7C5 /* tipcalcUITests.swift in Sources */,
			);
			runOnlyForDeploymentPostprocessing = 0;
		};
/* End PBXSourcesBuildPhase section */

/* Begin PBXTargetDependency section */
		277237D51D8F5BA000BBC7C5 /* PBXTargetDependency */ = {
			isa = PBXTargetDependency;
			target = 277237BE1D8F5BA000BBC7C5 /* tipcalc */;
			targetProxy = 277237D41D8F5BA000BBC7C5 /* PBXContainerItemProxy */;
		};
		277237E01D8F5BA000BBC7C5 /* PBXTargetDependency */ = {
			isa = PBXTargetDependency;
			target = 277237BE1D8F5BA000BBC7C5 /* tipcalc */;
			targetProxy = 277237DF1D8F5BA000BBC7C5 /* PBXContainerItemProxy */;
		};
/* End PBXTargetDependency section */

/* Begin PBXVariantGroup section */
		277237C61D8F5BA000BBC7C5 /* Main.storyboard */ = {
			isa = PBXVariantGroup;
			children = (
				277237C71D8F5BA000BBC7C5 /* Base */,
			);
			name = Main.storyboard;
			sourceTree = "<group>";
		};
		277237CB1D8F5BA000BBC7C5 /* LaunchScreen.storyboard */ = {
			isa = PBXVariantGroup;
			children = (
				277237CC1D8F5BA000BBC7C5 /* Base */,
			);
			name = LaunchScreen.storyboard;
			sourceTree = "<group>";
		};
/* End PBXVariantGroup section */

/* Begin XCBuildConfiguration section */
		277237E51D8F5BA000BBC7C5 /* Debug */ = {
			isa = XCBuildConfiguration;
			buildSettings = {
				ALWAYS_SEARCH_USER_PATHS = NO;
				CLANG_ANALYZER_NONNULL = YES;
				CLANG_CXX_LANGUAGE_STANDARD = "gnu++0x";
				CLANG_CXX_LIBRARY = "libc++";
				CLANG_ENABLE_MODULES = YES;
				CLANG_ENABLE_OBJC_ARC = YES;
				CLANG_WARN_BOOL_CONVERSION = YES;
				CLANG_WARN_CONSTANT_CONVERSION = YES;
				CLANG_WARN_DIRECT_OBJC_ISA_USAGE = YES_ERROR;
				CLANG_WARN_EMPTY_BODY = YES;
				CLANG_WARN_ENUM_CONVERSION = YES;
				CLANG_WARN_INT_CONVERSION = YES;
				CLANG_WARN_OBJC_ROOT_CLASS = YES_ERROR;
				CLANG_WARN_UNREACHABLE_CODE = YES;
				CLANG_WARN__DUPLICATE_METHOD_MATCH = YES;
				"CODE_SIGN_IDENTITY[sdk=iphoneos*]" = "iPhone Developer";
				COPY_PHASE_STRIP = NO;
				DEBUG_INFORMATION_FORMAT = dwarf;
				ENABLE_STRICT_OBJC_MSGSEND = YES;
				ENABLE_TESTABILITY = YES;
				GCC_C_LANGUAGE_STANDARD = gnu99;
				GCC_DYNAMIC_NO_PIC = NO;
				GCC_NO_COMMON_BLOCKS = YES;
				GCC_OPTIMIZATION_LEVEL = 0;
				GCC_PREPROCESSOR_DEFINITIONS = (
					"DEBUG=1",
					"$(inherited)",
				);
				GCC_WARN_64_TO_32_BIT_CONVERSION = YES;
				GCC_WARN_ABOUT_RETURN_TYPE = YES_ERROR;
				GCC_WARN_UNDECLARED_SELECTOR = YES;
				GCC_WARN_UNINITIALIZED_AUTOS = YES_AGGRESSIVE;
				GCC_WARN_UNUSED_FUNCTION = YES;
				GCC_WARN_UNUSED_VARIABLE = YES;
				IPHONEOS_DEPLOYMENT_TARGET = 9.3;
				MTL_ENABLE_DEBUG_INFO = YES;
				ONLY_ACTIVE_ARCH = YES;
				SDKROOT = iphoneos;
				SWIFT_OPTIMIZATION_LEVEL = "-Onone";
			};
			name = Debug;
		};
		277237E61D8F5BA000BBC7C5 /* Release */ = {
			isa = XCBuildConfiguration;
			buildSettings = {
				ALWAYS_SEARCH_USER_PATHS = NO;
				CLANG_ANALYZER_NONNULL = YES;
				CLANG_CXX_LANGUAGE_STANDARD = "gnu++0x";
				CLANG_CXX_LIBRARY = "libc++";
				CLANG_ENABLE_MODULES = YES;
				CLANG_ENABLE_OBJC_ARC = YES;
				CLANG_WARN_BOOL_CONVERSION = YES;
				CLANG_WARN_CONSTANT_CONVERSION = YES;
				CLANG_WARN_DIRECT_OBJC_ISA_USAGE = YES_ERROR;
				CLANG_WARN_EMPTY_BODY = YES;
				CLANG_WARN_ENUM_CONVERSION = YES;
				CLANG_WARN_INT_CONVERSION = YES;
				CLANG_WARN_OBJC_ROOT_CLASS = YES_ERROR;
				CLANG_WARN_UNREACHABLE_CODE = YES;
				CLANG_WARN__DUPLICATE_METHOD_MATCH = YES;
				"CODE_SIGN_IDENTITY[sdk=iphoneos*]" = "iPhone Developer";
				COPY_PHASE_STRIP = NO;
				DEBUG_INFORMATION_FORMAT = "dwarf-with-dsym";
				ENABLE_NS_ASSERTIONS = NO;
				ENABLE_STRICT_OBJC_MSGSEND = YES;
				GCC_C_LANGUAGE_STANDARD = gnu99;
				GCC_NO_COMMON_BLOCKS = YES;
				GCC_WARN_64_TO_32_BIT_CONVERSION = YES;
				GCC_WARN_ABOUT_RETURN_TYPE = YES_ERROR;
				GCC_WARN_UNDECLARED_SELECTOR = YES;
				GCC_WARN_UNINITIALIZED_AUTOS = YES_AGGRESSIVE;
				GCC_WARN_UNUSED_FUNCTION = YES;
				GCC_WARN_UNUSED_VARIABLE = YES;
				IPHONEOS_DEPLOYMENT_TARGET = 9.3;
				MTL_ENABLE_DEBUG_INFO = NO;
				SDKROOT = iphoneos;
				VALIDATE_PRODUCT = YES;
			};
			name = Release;
		};
		277237E81D8F5BA000BBC7C5 /* Debug */ = {
			isa = XCBuildConfiguration;
			buildSettings = {
				ASSETCATALOG_COMPILER_APPICON_NAME = AppIcon;
				INFOPLIST_FILE = tipcalc/Info.plist;
				LD_RUNPATH_SEARCH_PATHS = "$(inherited) @executable_path/Frameworks";
				PRODUCT_BUNDLE_IDENTIFIER = mingsunami.tipcalc;
				PRODUCT_NAME = "$(TARGET_NAME)";
			};
			name = Debug;
		};
		277237E91D8F5BA000BBC7C5 /* Release */ = {
			isa = XCBuildConfiguration;
			buildSettings = {
				ASSETCATALOG_COMPILER_APPICON_NAME = AppIcon;
				INFOPLIST_FILE = tipcalc/Info.plist;
				LD_RUNPATH_SEARCH_PATHS = "$(inherited) @executable_path/Frameworks";
				PRODUCT_BUNDLE_IDENTIFIER = mingsunami.tipcalc;
				PRODUCT_NAME = "$(TARGET_NAME)";
			};
			name = Release;
		};
		277237EB1D8F5BA000BBC7C5 /* Debug */ = {
			isa = XCBuildConfiguration;
			buildSettings = {
				BUNDLE_LOADER = "$(TEST_HOST)";
				INFOPLIST_FILE = tipcalcTests/Info.plist;
				LD_RUNPATH_SEARCH_PATHS = "$(inherited) @executable_path/Frameworks @loader_path/Frameworks";
				PRODUCT_BUNDLE_IDENTIFIER = mingsunami.tipcalcTests;
				PRODUCT_NAME = "$(TARGET_NAME)";
				TEST_HOST = "$(BUILT_PRODUCTS_DIR)/tipcalc.app/tipcalc";
			};
			name = Debug;
		};
		277237EC1D8F5BA000BBC7C5 /* Release */ = {
			isa = XCBuildConfiguration;
			buildSettings = {
				BUNDLE_LOADER = "$(TEST_HOST)";
				INFOPLIST_FILE = tipcalcTests/Info.plist;
				LD_RUNPATH_SEARCH_PATHS = "$(inherited) @executable_path/Frameworks @loader_path/Frameworks";
				PRODUCT_BUNDLE_IDENTIFIER = mingsunami.tipcalcTests;
				PRODUCT_NAME = "$(TARGET_NAME)";
				TEST_HOST = "$(BUILT_PRODUCTS_DIR)/tipcalc.app/tipcalc";
			};
			name = Release;
		};
		277237EE1D8F5BA000BBC7C5 /* Debug */ = {
			isa = XCBuildConfiguration;
			buildSettings = {
				INFOPLIST_FILE = tipcalcUITests/Info.plist;
				LD_RUNPATH_SEARCH_PATHS = "$(inherited) @executable_path/Frameworks @loader_path/Frameworks";
				PRODUCT_BUNDLE_IDENTIFIER = mingsunami.tipcalcUITests;
				PRODUCT_NAME = "$(TARGET_NAME)";
				TEST_TARGET_NAME = tipcalc;
			};
			name = Debug;
		};
		277237EF1D8F5BA000BBC7C5 /* Release */ = {
			isa = XCBuildConfiguration;
			buildSettings = {
				INFOPLIST_FILE = tipcalcUITests/Info.plist;
				LD_RUNPATH_SEARCH_PATHS = "$(inherited) @executable_path/Frameworks @loader_path/Frameworks";
				PRODUCT_BUNDLE_IDENTIFIER = mingsunami.tipcalcUITests;
				PRODUCT_NAME = "$(TARGET_NAME)";
				TEST_TARGET_NAME = tipcalc;
			};
			name = Release;
		};
/* End XCBuildConfiguration section */

/* Begin XCConfigurationList section */
		277237BA1D8F5BA000BBC7C5 /* Build configuration list for PBXProject "tipcalc" */ = {
			isa = XCConfigurationList;
			buildConfigurations = (
				277237E51D8F5BA000BBC7C5 /* Debug */,
				277237E61D8F5BA000BBC7C5 /* Release */,
			);
			defaultConfigurationIsVisible = 0;
			defaultConfigurationName = Release;
		};
		277237E71D8F5BA000BBC7C5 /* Build configuration list for PBXNativeTarget "tipcalc" */ = {
			isa = XCConfigurationList;
			buildConfigurations = (
				277237E81D8F5BA000BBC7C5 /* Debug */,
				277237E91D8F5BA000BBC7C5 /* Release */,
			);
			defaultConfigurationIsVisible = 0;
		};
		277237EA1D8F5BA000BBC7C5 /* Build configuration list for PBXNativeTarget "tipcalcTests" */ = {
			isa = XCConfigurationList;
			buildConfigurations = (
				277237EB1D8F5BA000BBC7C5 /* Debug */,
				277237EC1D8F5BA000BBC7C5 /* Release */,
			);
			defaultConfigurationIsVisible = 0;
		};
		277237ED1D8F5BA000BBC7C5 /* Build configuration list for PBXNativeTarget "tipcalcUITests" */ = {
			isa = XCConfigurationList;
			buildConfigurations = (
				277237EE1D8F5BA000BBC7C5 /* Debug */,
				277237EF1D8F5BA000BBC7C5 /* Release */,
			);
			defaultConfigurationIsVisible = 0;
		};
/* End XCConfigurationList section */
	};
	rootObject = 277237B71D8F5BA000BBC7C5 /* Project object */;
}
